
Microsoft Visual Studio Solution File, Format Version 12.00
# Visual Studio Version 17
VisualStudioVersion = 17.9.34723.18
MinimumVisualStudioVersion = 10.0.40219.1
Project("{FAE04EC0-301F-11D3-BF4B-00C04F79EFBC}") = "CandidateApi", "CandidateApi\CandidateApi.csproj", "{87543B0E-3F06-4153-913B-5543F45A4C9E}"
EndProject
Global
	GlobalSection(SolutionConfigurationPlatforms) = preSolution
		Debug|Any CPU = Debug|Any CPU
		Release|Any CPU = Release|Any CPU
	EndGlobalSection
	GlobalSection(ProjectConfigurationPlatforms) = postSolution
		{87543B0E-3F06-4153-913B-5543F45A4C9E}.Debug|Any CPU.ActiveCfg = Debug|Any CPU
		{87543B0E-3F06-4153-913B-5543F45A4C9E}.Debug|Any CPU.Build.0 = Debug|Any CPU
		{87543B0E-3F06-4153-913B-5543F45A4C9E}.Release|Any CPU.ActiveCfg = Release|Any CPU
		{87543B0E-3F06-4153-913B-5543F45A4C9E}.Release|Any CPU.Build.0 = Release|Any CPU
	EndGlobalSection
	GlobalSection(SolutionProperties) = preSolution
		HideSolutionNode = FALSE
	EndGlobalSection
	GlobalSection(ExtensibilityGlobals) = postSolution
		SolutionGuid = {666D72A2-16DD-4934-8BA9-4ABC167EE0EA}
	EndGlobalSection
EndGlobal
